
Microsoft Visual Studio Solution File, Format Version 12.00
# Visual Studio Version 16
VisualStudioVersion = 16.0.31205.134
MinimumVisualStudioVersion = 10.0.40219.1
Project("{9A19103F-16F7-4668-BE54-9A1E7A4F7556}") = "Employees", "Modul3\Employees.csproj", "{3CB41908-5C22-4D98-B1BB-60055A3E2A32}"
EndProject
Project("{9A19103F-16F7-4668-BE54-9A1E7A4F7556}") = "BankAccountCreator", "BankAccountCreator\BankAccountCreator.csproj", "{BBB701EC-C92C-4E86-BEE7-6920FA918CC4}"
EndProject
Project("{9A19103F-16F7-4668-BE54-9A1E7A4F7556}") = "GrandPrix", "Structure\GrandPrix.csproj", "{E497852F-6DCE-4E47-AFF4-2805170B140C}"
EndProject
Project("{FAE04EC0-301F-11D3-BF4B-00C04F79EFBC}") = "Banker", "Banker\Banker.csproj", "{FF4AADC5-EB34-4273-8BAA-97A424948621}"
EndProject
Project("{FAE04EC0-301F-11D3-BF4B-00C04F79EFBC}") = "ExamPrep_Pharmacy", "ExamPrep_Pharmacy\ExamPrep_Pharmacy.csproj", "{FE1B63D7-767B-46A7-8210-02BA72DE7449}"
EndProject
Global
	GlobalSection(SolutionConfigurationPlatforms) = preSolution
		Debug|Any CPU = Debug|Any CPU
		Release|Any CPU = Release|Any CPU
	EndGlobalSection
	GlobalSection(ProjectConfigurationPlatforms) = postSolution
		{3CB41908-5C22-4D98-B1BB-60055A3E2A32}.Debug|Any CPU.ActiveCfg = Debug|Any CPU
		{3CB41908-5C22-4D98-B1BB-60055A3E2A32}.Debug|Any CPU.Build.0 = Debug|Any CPU
		{3CB41908-5C22-4D98-B1BB-60055A3E2A32}.Release|Any CPU.ActiveCfg = Release|Any CPU
		{3CB41908-5C22-4D98-B1BB-60055A3E2A32}.Release|Any CPU.Build.0 = Release|Any CPU
		{BBB701EC-C92C-4E86-BEE7-6920FA918CC4}.Debug|Any CPU.ActiveCfg = Debug|Any CPU
		{BBB701EC-C92C-4E86-BEE7-6920FA918CC4}.Debug|Any CPU.Build.0 = Debug|Any CPU
		{BBB701EC-C92C-4E86-BEE7-6920FA918CC4}.Release|Any CPU.ActiveCfg = Release|Any CPU
		{BBB701EC-C92C-4E86-BEE7-6920FA918CC4}.Release|Any CPU.Build.0 = Release|Any CPU
		{E497852F-6DCE-4E47-AFF4-2805170B140C}.Debug|Any CPU.ActiveCfg = Debug|Any CPU
		{E497852F-6DCE-4E47-AFF4-2805170B140C}.Debug|Any CPU.Build.0 = Debug|Any CPU
		{E497852F-6DCE-4E47-AFF4-2805170B140C}.Release|Any CPU.ActiveCfg = Release|Any CPU
		{E497852F-6DCE-4E47-AFF4-2805170B140C}.Release|Any CPU.Build.0 = Release|Any CPU
		{FF4AADC5-EB34-4273-8BAA-97A424948621}.Debug|Any CPU.ActiveCfg = Debug|Any CPU
		{FF4AADC5-EB34-4273-8BAA-97A424948621}.Debug|Any CPU.Build.0 = Debug|Any CPU
		{FF4AADC5-EB34-4273-8BAA-97A424948621}.Release|Any CPU.ActiveCfg = Release|Any CPU
		{FF4AADC5-EB34-4273-8BAA-97A424948621}.Release|Any CPU.Build.0 = Release|Any CPU
		{FE1B63D7-767B-46A7-8210-02BA72DE7449}.Debug|Any CPU.ActiveCfg = Debug|Any CPU
		{FE1B63D7-767B-46A7-8210-02BA72DE7449}.Debug|Any CPU.Build.0 = Debug|Any CPU
		{FE1B63D7-767B-46A7-8210-02BA72DE7449}.Release|Any CPU.ActiveCfg = Release|Any CPU
		{FE1B63D7-767B-46A7-8210-02BA72DE7449}.Release|Any CPU.Build.0 = Release|Any CPU
	EndGlobalSection
	GlobalSection(SolutionProperties) = preSolution
		HideSolutionNode = FALSE
	EndGlobalSection
	GlobalSection(ExtensibilityGlobals) = postSolution
		SolutionGuid = {F56E2966-23E1-4462-BB19-1ED26A70351C}
	EndGlobalSection
EndGlobal
