
Microsoft Visual Studio Solution File, Format Version 12.00
# Visual Studio Version 16
VisualStudioVersion = 16.0.31205.134
MinimumVisualStudioVersion = 10.0.40219.1
Project("{FAE04EC0-301F-11D3-BF4B-00C04F79EFBC}") = "zadacha5", "zadacha5\zadacha5.csproj", "{2E050FBE-3060-4AB4-A801-495E3E7D0CFF}"
EndProject
Global
	GlobalSection(SolutionConfigurationPlatforms) = preSolution
		Debug|Any CPU = Debug|Any CPU
		Release|Any CPU = Release|Any CPU
	EndGlobalSection
	GlobalSection(ProjectConfigurationPlatforms) = postSolution
		{2E050FBE-3060-4AB4-A801-495E3E7D0CFF}.Debug|Any CPU.ActiveCfg = Debug|Any CPU
		{2E050FBE-3060-4AB4-A801-495E3E7D0CFF}.Debug|Any CPU.Build.0 = Debug|Any CPU
		{2E050FBE-3060-4AB4-A801-495E3E7D0CFF}.Release|Any CPU.ActiveCfg = Release|Any CPU
		{2E050FBE-3060-4AB4-A801-495E3E7D0CFF}.Release|Any CPU.Build.0 = Release|Any CPU
	EndGlobalSection
	GlobalSection(SolutionProperties) = preSolution
		HideSolutionNode = FALSE
	EndGlobalSection
	GlobalSection(ExtensibilityGlobals) = postSolution
		SolutionGuid = {5EAC4EA8-FF42-4A29-9514-DB30097A7F11}
	EndGlobalSection
EndGlobal
