
Microsoft Visual Studio Solution File, Format Version 12.00
# Visual Studio Version 16
VisualStudioVersion = 16.0.31205.134
MinimumVisualStudioVersion = 10.0.40219.1
Project("{FAE04EC0-301F-11D3-BF4B-00C04F79EFBC}") = "TemplateClasses", "TemplateClasses\TemplateClasses.csproj", "{4AF7A3DC-0CE5-43E3-8EA0-EEA2DAAD90D2}"
EndProject
Global
	GlobalSection(SolutionConfigurationPlatforms) = preSolution
		Debug|Any CPU = Debug|Any CPU
		Release|Any CPU = Release|Any CPU
	EndGlobalSection
	GlobalSection(ProjectConfigurationPlatforms) = postSolution
		{4AF7A3DC-0CE5-43E3-8EA0-EEA2DAAD90D2}.Debug|Any CPU.ActiveCfg = Debug|Any CPU
		{4AF7A3DC-0CE5-43E3-8EA0-EEA2DAAD90D2}.Debug|Any CPU.Build.0 = Debug|Any CPU
		{4AF7A3DC-0CE5-43E3-8EA0-EEA2DAAD90D2}.Release|Any CPU.ActiveCfg = Release|Any CPU
		{4AF7A3DC-0CE5-43E3-8EA0-EEA2DAAD90D2}.Release|Any CPU.Build.0 = Release|Any CPU
	EndGlobalSection
	GlobalSection(SolutionProperties) = preSolution
		HideSolutionNode = FALSE
	EndGlobalSection
	GlobalSection(ExtensibilityGlobals) = postSolution
		SolutionGuid = {D4C994AA-5F25-4F4B-891F-0D999DB14B2C}
	EndGlobalSection
EndGlobal
